
Microsoft Visual Studio Solution File, Format Version 12.00
# Visual Studio 2013
VisualStudioVersion = 12.0.31101.0
MinimumVisualStudioVersion = 10.0.40219.1
Project("{FAE04EC0-301F-11D3-BF4B-00C04F79EFBC}") = "HeyMrDJ.Core", "HeyMrDJ.Core\HeyMrDJ.Core.csproj", "{DFE65FCC-844E-4AB8-B0BB-9BF740201200}"
EndProject
Project("{2150E333-8FDC-42A3-9474-1A3956D46DE8}") = "Tests", "Tests", "{1B20AF8E-2B79-4F0B-90EB-A98F5A34DBF4}"
EndProject
Project("{FAE04EC0-301F-11D3-BF4B-00C04F79EFBC}") = "HeyMrDJ.CoreTest", "HeyMrDJ.CoreTest\HeyMrDJ.CoreTest.csproj", "{F5A62C23-7AC8-4975-906E-58667612547F}"
EndProject
Project("{2150E333-8FDC-42A3-9474-1A3956D46DE8}") = ".nuget", ".nuget", "{C79E53D4-187B-4BD9-9762-E12CC7C660BD}"
	ProjectSection(SolutionItems) = preProject
		.nuget\NuGet.Config = .nuget\NuGet.Config
		.nuget\NuGet.exe = .nuget\NuGet.exe
		.nuget\NuGet.targets = .nuget\NuGet.targets
	EndProjectSection
EndProject
Project("{2150E333-8FDC-42A3-9474-1A3956D46DE8}") = "Tools", "Tools", "{0B7259FA-C6C5-45C4-8591-4CB34265F57E}"
	ProjectSection(SolutionItems) = preProject
		appveyor.yml = appveyor.yml
	EndProjectSection
EndProject
Project("{FAE04EC0-301F-11D3-BF4B-00C04F79EFBC}") = "HeyMrDJ", "HeyMrDJ\HeyMrDJ.csproj", "{A057EADF-8CDA-4DD4-8E70-C99A101D0F8A}"
EndProject
Global
	GlobalSection(SolutionConfigurationPlatforms) = preSolution
		Debug|Any CPU = Debug|Any CPU
		Debug|Mixed Platforms = Debug|Mixed Platforms
		Debug|x86 = Debug|x86
		Release|Any CPU = Release|Any CPU
		Release|Mixed Platforms = Release|Mixed Platforms
		Release|x86 = Release|x86
	EndGlobalSection
	GlobalSection(ProjectConfigurationPlatforms) = postSolution
		{DFE65FCC-844E-4AB8-B0BB-9BF740201200}.Debug|Any CPU.ActiveCfg = Debug|Any CPU
		{DFE65FCC-844E-4AB8-B0BB-9BF740201200}.Debug|Any CPU.Build.0 = Debug|Any CPU
		{DFE65FCC-844E-4AB8-B0BB-9BF740201200}.Debug|Mixed Platforms.ActiveCfg = Debug|Any CPU
		{DFE65FCC-844E-4AB8-B0BB-9BF740201200}.Debug|Mixed Platforms.Build.0 = Debug|Any CPU
		{DFE65FCC-844E-4AB8-B0BB-9BF740201200}.Debug|x86.ActiveCfg = Debug|Any CPU
		{DFE65FCC-844E-4AB8-B0BB-9BF740201200}.Release|Any CPU.ActiveCfg = Release|Any CPU
		{DFE65FCC-844E-4AB8-B0BB-9BF740201200}.Release|Any CPU.Build.0 = Release|Any CPU
		{DFE65FCC-844E-4AB8-B0BB-9BF740201200}.Release|Mixed Platforms.ActiveCfg = Release|Any CPU
		{DFE65FCC-844E-4AB8-B0BB-9BF740201200}.Release|Mixed Platforms.Build.0 = Release|Any CPU
		{DFE65FCC-844E-4AB8-B0BB-9BF740201200}.Release|x86.ActiveCfg = Release|Any CPU
		{F5A62C23-7AC8-4975-906E-58667612547F}.Debug|Any CPU.ActiveCfg = Debug|Any CPU
		{F5A62C23-7AC8-4975-906E-58667612547F}.Debug|Any CPU.Build.0 = Debug|Any CPU
		{F5A62C23-7AC8-4975-906E-58667612547F}.Debug|Mixed Platforms.ActiveCfg = Debug|Any CPU
		{F5A62C23-7AC8-4975-906E-58667612547F}.Debug|Mixed Platforms.Build.0 = Debug|Any CPU
		{F5A62C23-7AC8-4975-906E-58667612547F}.Debug|x86.ActiveCfg = Debug|Any CPU
		{F5A62C23-7AC8-4975-906E-58667612547F}.Release|Any CPU.ActiveCfg = Release|Any CPU
		{F5A62C23-7AC8-4975-906E-58667612547F}.Release|Any CPU.Build.0 = Release|Any CPU
		{F5A62C23-7AC8-4975-906E-58667612547F}.Release|Mixed Platforms.ActiveCfg = Release|Any CPU
		{F5A62C23-7AC8-4975-906E-58667612547F}.Release|Mixed Platforms.Build.0 = Release|Any CPU
		{F5A62C23-7AC8-4975-906E-58667612547F}.Release|x86.ActiveCfg = Release|Any CPU
		{A057EADF-8CDA-4DD4-8E70-C99A101D0F8A}.Debug|Any CPU.ActiveCfg = Debug|Any CPU
		{A057EADF-8CDA-4DD4-8E70-C99A101D0F8A}.Debug|Any CPU.Build.0 = Debug|Any CPU
		{A057EADF-8CDA-4DD4-8E70-C99A101D0F8A}.Debug|Mixed Platforms.ActiveCfg = Debug|Any CPU
		{A057EADF-8CDA-4DD4-8E70-C99A101D0F8A}.Debug|Mixed Platforms.Build.0 = Debug|Any CPU
		{A057EADF-8CDA-4DD4-8E70-C99A101D0F8A}.Debug|x86.ActiveCfg = Debug|Any CPU
		{A057EADF-8CDA-4DD4-8E70-C99A101D0F8A}.Release|Any CPU.ActiveCfg = Release|Any CPU
		{A057EADF-8CDA-4DD4-8E70-C99A101D0F8A}.Release|Any CPU.Build.0 = Release|Any CPU
		{A057EADF-8CDA-4DD4-8E70-C99A101D0F8A}.Release|Mixed Platforms.ActiveCfg = Release|Any CPU
		{A057EADF-8CDA-4DD4-8E70-C99A101D0F8A}.Release|Mixed Platforms.Build.0 = Release|Any CPU
		{A057EADF-8CDA-4DD4-8E70-C99A101D0F8A}.Release|x86.ActiveCfg = Release|Any CPU
	EndGlobalSection
	GlobalSection(SolutionProperties) = preSolution
		HideSolutionNode = FALSE
	EndGlobalSection
	GlobalSection(NestedProjects) = preSolution
		{F5A62C23-7AC8-4975-906E-58667612547F} = {1B20AF8E-2B79-4F0B-90EB-A98F5A34DBF4}
	EndGlobalSection
EndGlobal
